
Microsoft Visual Studio Solution File, Format Version 12.00
# Visual Studio Version 17
VisualStudioVersion = 17.6.33723.286
MinimumVisualStudioVersion = 10.0.40219.1
Project("{8BC9CEB8-8B4A-11D0-8D11-00A0C91BC942}") = "baekjoon_16926", "baekjoon_16926.vcxproj", "{017FBB38-BF48-4366-9DAB-3C3334E87004}"
EndProject
Global
	GlobalSection(SolutionConfigurationPlatforms) = preSolution
		Debug|x64 = Debug|x64
		Debug|x86 = Debug|x86
		Release|x64 = Release|x64
		Release|x86 = Release|x86
	EndGlobalSection
	GlobalSection(ProjectConfigurationPlatforms) = postSolution
		{017FBB38-BF48-4366-9DAB-3C3334E87004}.Debug|x64.ActiveCfg = Debug|x64
		{017FBB38-BF48-4366-9DAB-3C3334E87004}.Debug|x64.Build.0 = Debug|x64
		{017FBB38-BF48-4366-9DAB-3C3334E87004}.Debug|x86.ActiveCfg = Debug|Win32
		{017FBB38-BF48-4366-9DAB-3C3334E87004}.Debug|x86.Build.0 = Debug|Win32
		{017FBB38-BF48-4366-9DAB-3C3334E87004}.Release|x64.ActiveCfg = Release|x64
		{017FBB38-BF48-4366-9DAB-3C3334E87004}.Release|x64.Build.0 = Release|x64
		{017FBB38-BF48-4366-9DAB-3C3334E87004}.Release|x86.ActiveCfg = Release|Win32
		{017FBB38-BF48-4366-9DAB-3C3334E87004}.Release|x86.Build.0 = Release|Win32
	EndGlobalSection
	GlobalSection(SolutionProperties) = preSolution
		HideSolutionNode = FALSE
	EndGlobalSection
	GlobalSection(ExtensibilityGlobals) = postSolution
		SolutionGuid = {377CE16E-3F18-44EB-B427-EC76D0953AB3}
	EndGlobalSection
EndGlobal
